<?xml version="1.0" encoding="utf-8"?>
<Project ToolsVersion="4.0" xmlns="http://schemas.microsoft.com/developer/msbuild/2003">
  <ItemGroup>
    <Filter Include="Source Files">
      <UniqueIdentifier>{4FC737F1-C7A5-4376-A066-2A32D752A2FF}</UniqueIdentifier>
      <Extensions>cpp;c;cc;cxx;def;odl;idl;hpj;bat;asm;asmx</Extensions>
    </Filter>
    <Filter Include="Header Files">
      <UniqueIdentifier>{93995380-89BD-4b04-88EB-625FBE52EBFB}</UniqueIdentifier>
      <Extensions>h;hh;hpp;hxx;hm;inl;inc;xsd</Extensions>
    </Filter>
    <Filter Include="Resource Files">
      <UniqueIdentifier>{67DA6AB6-F800-4c08-8B7A-83BB121AAD01}</UniqueIdentifier>
      <Extensions>rc;ico;cur;bmp;dlg;rc2;rct;bin;rgs;gif;jpg;jpeg;jpe;resx;tiff;tif;png;wav</Extensions>
    </Filter>
  </ItemGroup>
  <ItemGroup>
    <None Include="kernel\kernel_start.asm">
      <Filter>Source Files</Filter>
    </None>
    <None Include="kernel\kernel.bin">
      <Filter>Resource Files</Filter>
    </None>
    <None Include="boot\x86\bios.ASM">
      <Filter>Source Files</Filter>
    </None>
    <None Include="boot\x86\boot_sector.asm">
      <Filter>Source Files</Filter>
    </None>
    <None Include="boot\x86\boot_sector.bin">
      <Filter>Resource Files</Filter>
    </None>
    <None Include="boot\x86\boot_stage2.asm">
      <Filter>Source Files</Filter>
    </None>
    <None Include="boot\x86\boot_stage2.bin">
      <Filter>Resource Files</Filter>
    </None>
    <None Include="boot\x86\gdt.ASM">
      <Filter>Source Files</Filter>
    </None>
    <None Include="boot\x86\print32.ASM">
      <Filter>Source Files</Filter>
    </None>
    <None Include="boot\x86\protected_mode.ASM">
      <Filter>Source Files</Filter>
    </None>
    <None Include="HAL\x86\ISR.asm">
      <Filter>Source Files</Filter>
    </None>
    <None Include="res\zero2048.asm">
      <Filter>Source Files</Filter>
    </None>
    <None Include="virtualmm\x86\paging.asm">
      <Filter>Source Files</Filter>
    </None>
  </ItemGroup>
  <ItemGroup>
    <ClCompile Include="dataman\dataman.c">
      <Filter>Source Files</Filter>
    </ClCompile>
    <ClCompile Include="kernel\kernel.c">
      <Filter>Source Files</Filter>
    </ClCompile>
    <ClCompile Include="physmm\physmm.c">
      <Filter>Source Files</Filter>
    </ClCompile>
    <ClCompile Include="drivers\x86\keyboard.c">
      <Filter>Source Files</Filter>
    </ClCompile>
    <ClCompile Include="drivers\x86\screen.c">
      <Filter>Source Files</Filter>
    </ClCompile>
    <ClCompile Include="HAL\x86\cursor.c">
      <Filter>Source Files</Filter>
    </ClCompile>
    <ClCompile Include="HAL\x86\hal.c">
      <Filter>Source Files</Filter>
    </ClCompile>
    <ClCompile Include="HAL\x86\int86.c">
      <Filter>Source Files</Filter>
    </ClCompile>
    <ClCompile Include="HAL\x86\irq.c">
      <Filter>Source Files</Filter>
    </ClCompile>
    <ClCompile Include="HAL\x86\isrHandle.c">
      <Filter>Source Files</Filter>
    </ClCompile>
    <ClCompile Include="HAL\x86\pic.c">
      <Filter>Source Files</Filter>
    </ClCompile>
    <ClCompile Include="HAL\x86\pit.c">
      <Filter>Source Files</Filter>
    </ClCompile>
    <ClCompile Include="HAL\x86\ports.c">
      <Filter>Source Files</Filter>
    </ClCompile>
    <ClCompile Include="console\misc.c">
      <Filter>Source Files</Filter>
    </ClCompile>
    <ClCompile Include="virtualmm\x86\virtualmm.c">
      <Filter>Source Files</Filter>
    </ClCompile>
  </ItemGroup>
  <ItemGroup>
    <ClInclude Include="dataman\dataman.h">
      <Filter>Header Files</Filter>
    </ClInclude>
    <ClInclude Include="physmm\physmm.h">
      <Filter>Header Files</Filter>
    </ClInclude>
    <ClInclude Include="drivers\x86\characters.h">
      <Filter>Header Files</Filter>
    </ClInclude>
    <ClInclude Include="drivers\x86\colors.h">
      <Filter>Header Files</Filter>
    </ClInclude>
    <ClInclude Include="drivers\x86\keyboard.h">
      <Filter>Header Files</Filter>
    </ClInclude>
    <ClInclude Include="drivers\x86\screen.h">
      <Filter>Header Files</Filter>
    </ClInclude>
    <ClInclude Include="HAL\x86\cursor.h">
      <Filter>Header Files</Filter>
    </ClInclude>
    <ClInclude Include="HAL\x86\hal.h">
      <Filter>Header Files</Filter>
    </ClInclude>
    <ClInclude Include="HAL\x86\idt.h">
      <Filter>Header Files</Filter>
    </ClInclude>
    <ClInclude Include="HAL\x86\irq.h">
      <Filter>Header Files</Filter>
    </ClInclude>
    <ClInclude Include="HAL\x86\isr_decl.h">
      <Filter>Header Files</Filter>
    </ClInclude>
    <ClInclude Include="HAL\x86\pic.h">
      <Filter>Header Files</Filter>
    </ClInclude>
    <ClInclude Include="HAL\x86\pit.h">
      <Filter>Header Files</Filter>
    </ClInclude>
    <ClInclude Include="HAL\x86\ports.h">
      <Filter>Header Files</Filter>
    </ClInclude>
    <ClInclude Include="console\misc.h">
      <Filter>Header Files</Filter>
    </ClInclude>
    <ClInclude Include="virtualmm\x86\virtualmm.h">
      <Filter>Header Files</Filter>
    </ClInclude>
  </ItemGroup>
</Project>